// !$*UTF8*$!
{
	archiveVersion = 1;
	classes = {
	};
	objectVersion = 55;
	objects = {

/* Begin PBXBuildFile section */
		4D2120992950DEB9003CE4DE /* SecondViewController.swift in Sources */ = {isa = PBXBuildFile; fileRef = 4D2120982950DEB9003CE4DE /* SecondViewController.swift */; };
		4D283D88295231710065F7ED /* InitialViewController.swift in Sources */ = {isa = PBXBuildFile; fileRef = 4D283D87295231710065F7ED /* InitialViewController.swift */; };
		4D679C0729548CCD0000FDEA /* Assets.xcassets in Resources */ = {isa = PBXBuildFile; fileRef = 4D679C0629548CCD0000FDEA /* Assets.xcassets */; };
		4DA493A42955C6D50019023B /* PokemonDetails.swift in Sources */ = {isa = PBXBuildFile; fileRef = 4DA493A32955C6D50019023B /* PokemonDetails.swift */; };
		4DBFABE529509CE10055F466 /* AppDelegate.swift in Sources */ = {isa = PBXBuildFile; fileRef = 4DBFABE429509CE10055F466 /* AppDelegate.swift */; };
		4DBFABE929509CE10055F466 /* ProfileViewController.swift in Sources */ = {isa = PBXBuildFile; fileRef = 4DBFABE829509CE10055F466 /* ProfileViewController.swift */; };
		4DBFABF129509CE20055F466 /* LaunchScreen.storyboard in Resources */ = {isa = PBXBuildFile; fileRef = 4DBFABEF29509CE20055F466 /* LaunchScreen.storyboard */; };
		4DCAD0D52950A38E00EC2A34 /* Profile.swift in Sources */ = {isa = PBXBuildFile; fileRef = 4DCAD0D42950A38E00EC2A34 /* Profile.swift */; };
		4DCAD0D72950A44D00EC2A34 /* UIView+Extension.swift in Sources */ = {isa = PBXBuildFile; fileRef = 4DCAD0D62950A44D00EC2A34 /* UIView+Extension.swift */; };
		4DCAD0D92950A49B00EC2A34 /* BaseCell.swift in Sources */ = {isa = PBXBuildFile; fileRef = 4DCAD0D82950A49B00EC2A34 /* BaseCell.swift */; };
		4DCAD0DB2950A9B500EC2A34 /* ProfileCollectionViewCell.swift in Sources */ = {isa = PBXBuildFile; fileRef = 4DCAD0DA2950A9B500EC2A34 /* ProfileCollectionViewCell.swift */; };
		4DEDA0662953443A00BED5BE /* PokemonViewController.swift in Sources */ = {isa = PBXBuildFile; fileRef = 4DEDA0652953443A00BED5BE /* PokemonViewController.swift */; };
/* End PBXBuildFile section */

/* Begin PBXFileReference section */
		4D2120982950DEB9003CE4DE /* SecondViewController.swift */ = {isa = PBXFileReference; lastKnownFileType = sourcecode.swift; path = SecondViewController.swift; sourceTree = "<group>"; };
		4D283D87295231710065F7ED /* InitialViewController.swift */ = {isa = PBXFileReference; lastKnownFileType = sourcecode.swift; path = InitialViewController.swift; sourceTree = "<group>"; };
		4D679C0629548CCD0000FDEA /* Assets.xcassets */ = {isa = PBXFileReference; lastKnownFileType = folder.assetcatalog; path = Assets.xcassets; sourceTree = "<group>"; };
		4DA493A32955C6D50019023B /* PokemonDetails.swift */ = {isa = PBXFileReference; lastKnownFileType = sourcecode.swift; path = PokemonDetails.swift; sourceTree = "<group>"; };
		4DBFABE129509CE10055F466 /* Pokedex2.app */ = {isa = PBXFileReference; explicitFileType = wrapper.application; includeInIndex = 0; path = Pokedex2.app; sourceTree = BUILT_PRODUCTS_DIR; };
		4DBFABE429509CE10055F466 /* AppDelegate.swift */ = {isa = PBXFileReference; lastKnownFileType = sourcecode.swift; path = AppDelegate.swift; sourceTree = "<group>"; };
		4DBFABE829509CE10055F466 /* ProfileViewController.swift */ = {isa = PBXFileReference; lastKnownFileType = sourcecode.swift; path = ProfileViewController.swift; sourceTree = "<group>"; };
		4DBFABF029509CE20055F466 /* Base */ = {isa = PBXFileReference; lastKnownFileType = file.storyboard; name = Base; path = Base.lproj/LaunchScreen.storyboard; sourceTree = "<group>"; };
		4DBFABF229509CE20055F466 /* Info.plist */ = {isa = PBXFileReference; lastKnownFileType = text.plist.xml; path = Info.plist; sourceTree = "<group>"; };
		4DCAD0D42950A38E00EC2A34 /* Profile.swift */ = {isa = PBXFileReference; lastKnownFileType = sourcecode.swift; path = Profile.swift; sourceTree = "<group>"; };
		4DCAD0D62950A44D00EC2A34 /* UIView+Extension.swift */ = {isa = PBXFileReference; lastKnownFileType = sourcecode.swift; path = "UIView+Extension.swift"; sourceTree = "<group>"; };
		4DCAD0D82950A49B00EC2A34 /* BaseCell.swift */ = {isa = PBXFileReference; lastKnownFileType = sourcecode.swift; path = BaseCell.swift; sourceTree = "<group>"; };
		4DCAD0DA2950A9B500EC2A34 /* ProfileCollectionViewCell.swift */ = {isa = PBXFileReference; lastKnownFileType = sourcecode.swift; path = ProfileCollectionViewCell.swift; sourceTree = "<group>"; };
		4DEDA0652953443A00BED5BE /* PokemonViewController.swift */ = {isa = PBXFileReference; lastKnownFileType = sourcecode.swift; path = PokemonViewController.swift; sourceTree = "<group>"; };
/* End PBXFileReference section */

/* Begin PBXFrameworksBuildPhase section */
		4DBFABDE29509CE10055F466 /* Frameworks */ = {
			isa = PBXFrameworksBuildPhase;
			buildActionMask = 2147483647;
			files = (
			);
			runOnlyForDeploymentPostprocessing = 0;
		};
/* End PBXFrameworksBuildPhase section */

/* Begin PBXGroup section */
		4D21209A2950E796003CE4DE /* Delegates */ = {
			isa = PBXGroup;
			children = (
				4DBFABE429509CE10055F466 /* AppDelegate.swift */,
			);
			path = Delegates;
			sourceTree = "<group>";
		};
		4D21209B2950E7AE003CE4DE /* Storyboard */ = {
			isa = PBXGroup;
			children = (
				4DBFABEF29509CE20055F466 /* LaunchScreen.storyboard */,
			);
			path = Storyboard;
			sourceTree = "<group>";
		};
		4D21209C2950E81C003CE4DE /* Resources */ = {
			isa = PBXGroup;
			children = (
				4D679C0629548CCD0000FDEA /* Assets.xcassets */,
			);
			path = Resources;
			sourceTree = "<group>";
		};
		4DBFABD829509CE10055F466 = {
			isa = PBXGroup;
			children = (
				4DBFABE329509CE10055F466 /* Pokedex2 */,
				4DBFABE229509CE10055F466 /* Products */,
			);
			sourceTree = "<group>";
		};
		4DBFABE229509CE10055F466 /* Products */ = {
			isa = PBXGroup;
			children = (
				4DBFABE129509CE10055F466 /* Pokedex2.app */,
			);
			name = Products;
			sourceTree = "<group>";
		};
		4DBFABE329509CE10055F466 /* Pokedex2 */ = {
			isa = PBXGroup;
			children = (
				4D21209C2950E81C003CE4DE /* Resources */,
				4D21209B2950E7AE003CE4DE /* Storyboard */,
				4D21209A2950E796003CE4DE /* Delegates */,
				4DBFABFB29509D400055F466 /* Controllers */,
				4DBFABFA29509D390055F466 /* Views */,
				4DBFABF929509D300055F466 /* Models */,
				4DBFABF829509D230055F466 /* Commons */,
				4DBFABF229509CE20055F466 /* Info.plist */,
			);
			path = Pokedex2;
			sourceTree = "<group>";
		};
		4DBFABF829509D230055F466 /* Commons */ = {
			isa = PBXGroup;
			children = (
				4DCAD0D62950A44D00EC2A34 /* UIView+Extension.swift */,
			);
			path = Commons;
			sourceTree = "<group>";
		};
		4DBFABF929509D300055F466 /* Models */ = {
			isa = PBXGroup;
			children = (
				4DCAD0D42950A38E00EC2A34 /* Profile.swift */,
				4DA493A32955C6D50019023B /* PokemonDetails.swift */,
			);
			path = Models;
			sourceTree = "<group>";
		};
		4DBFABFA29509D390055F466 /* Views */ = {
			isa = PBXGroup;
			children = (
				4DCAD0D82950A49B00EC2A34 /* BaseCell.swift */,
				4DCAD0DA2950A9B500EC2A34 /* ProfileCollectionViewCell.swift */,
			);
			path = Views;
			sourceTree = "<group>";
		};
		4DBFABFB29509D400055F466 /* Controllers */ = {
			isa = PBXGroup;
			children = (
				4DBFABE829509CE10055F466 /* ProfileViewController.swift */,
				4D2120982950DEB9003CE4DE /* SecondViewController.swift */,
				4D283D87295231710065F7ED /* InitialViewController.swift */,
				4DEDA0652953443A00BED5BE /* PokemonViewController.swift */,
			);
			path = Controllers;
			sourceTree = "<group>";
		};
/* End PBXGroup section */

/* Begin PBXNativeTarget section */
		4DBFABE029509CE10055F466 /* Pokedex2 */ = {
			isa = PBXNativeTarget;
			buildConfigurationList = 4DBFABF529509CE20055F466 /* Build configuration list for PBXNativeTarget "Pokedex2" */;
			buildPhases = (
				4DBFABDD29509CE10055F466 /* Sources */,
				4DBFABDE29509CE10055F466 /* Frameworks */,
				4DBFABDF29509CE10055F466 /* Resources */,
			);
			buildRules = (
			);
			dependencies = (
			);
			name = Pokedex2;
			productName = Pokedex2;
			productReference = 4DBFABE129509CE10055F466 /* Pokedex2.app */;
			productType = "com.apple.product-type.application";
		};
/* End PBXNativeTarget section */

/* Begin PBXProject section */
		4DBFABD929509CE10055F466 /* Project object */ = {
			isa = PBXProject;
			attributes = {
				BuildIndependentTargetsInParallel = 1;
				LastSwiftUpdateCheck = 1340;
				LastUpgradeCheck = 1340;
				TargetAttributes = {
					4DBFABE029509CE10055F466 = {
						CreatedOnToolsVersion = 13.4.1;
					};
				};
			};
			buildConfigurationList = 4DBFABDC29509CE10055F466 /* Build configuration list for PBXProject "Pokedex2" */;
			compatibilityVersion = "Xcode 13.0";
			developmentRegion = en;
			hasScannedForEncodings = 0;
			knownRegions = (
				en,
				Base,
			);
			mainGroup = 4DBFABD829509CE10055F466;
			productRefGroup = 4DBFABE229509CE10055F466 /* Products */;
			projectDirPath = "";
			projectRoot = "";
			targets = (
				4DBFABE029509CE10055F466 /* Pokedex2 */,
			);
		};
/* End PBXProject section */

/* Begin PBXResourcesBuildPhase section */
		4DBFABDF29509CE10055F466 /* Resources */ = {
			isa = PBXResourcesBuildPhase;
			buildActionMask = 2147483647;
			files = (
				4DBFABF129509CE20055F466 /* LaunchScreen.storyboard in Resources */,
				4D679C0729548CCD0000FDEA /* Assets.xcassets in Resources */,
			);
			runOnlyForDeploymentPostprocessing = 0;
		};
/* End PBXResourcesBuildPhase section */

/* Begin PBXSourcesBuildPhase section */
		4DBFABDD29509CE10055F466 /* Sources */ = {
			isa = PBXSourcesBuildPhase;
			buildActionMask = 2147483647;
			files = (
				4DA493A42955C6D50019023B /* PokemonDetails.swift in Sources */,
				4D2120992950DEB9003CE4DE /* SecondViewController.swift in Sources */,
				4DBFABE929509CE10055F466 /* ProfileViewController.swift in Sources */,
				4DCAD0D52950A38E00EC2A34 /* Profile.swift in Sources */,
				4D283D88295231710065F7ED /* InitialViewController.swift in Sources */,
				4DBFABE529509CE10055F466 /* AppDelegate.swift in Sources */,
				4DCAD0DB2950A9B500EC2A34 /* ProfileCollectionViewCell.swift in Sources */,
				4DEDA0662953443A00BED5BE /* PokemonViewController.swift in Sources */,
				4DCAD0D72950A44D00EC2A34 /* UIView+Extension.swift in Sources */,
				4DCAD0D92950A49B00EC2A34 /* BaseCell.swift in Sources */,
			);
			runOnlyForDeploymentPostprocessing = 0;
		};
/* End PBXSourcesBuildPhase section */

/* Begin PBXVariantGroup section */
		4DBFABEF29509CE20055F466 /* LaunchScreen.storyboard */ = {
			isa = PBXVariantGroup;
			children = (
				4DBFABF029509CE20055F466 /* Base */,
			);
			name = LaunchScreen.storyboard;
			sourceTree = "<group>";
		};
/* End PBXVariantGroup section */

/* Begin XCBuildConfiguration section */
		4DBFABF329509CE20055F466 /* Debug */ = {
			isa = XCBuildConfiguration;
			buildSettings = {
				ALWAYS_SEARCH_USER_PATHS = NO;
				CLANG_ANALYZER_NONNULL = YES;
				CLANG_ANALYZER_NUMBER_OBJECT_CONVERSION = YES_AGGRESSIVE;
				CLANG_CXX_LANGUAGE_STANDARD = "gnu++17";
				CLANG_ENABLE_MODULES = YES;
				CLANG_ENABLE_OBJC_ARC = YES;
				CLANG_ENABLE_OBJC_WEAK = YES;
				CLANG_WARN_BLOCK_CAPTURE_AUTORELEASING = YES;
				CLANG_WARN_BOOL_CONVERSION = YES;
				CLANG_WARN_COMMA = YES;
				CLANG_WARN_CONSTANT_CONVERSION = YES;
				CLANG_WARN_DEPRECATED_OBJC_IMPLEMENTATIONS = YES;
				CLANG_WARN_DIRECT_OBJC_ISA_USAGE = YES_ERROR;
				CLANG_WARN_DOCUMENTATION_COMMENTS = YES;
				CLANG_WARN_EMPTY_BODY = YES;
				CLANG_WARN_ENUM_CONVERSION = YES;
				CLANG_WARN_INFINITE_RECURSION = YES;
				CLANG_WARN_INT_CONVERSION = YES;
				CLANG_WARN_NON_LITERAL_NULL_CONVERSION = YES;
				CLANG_WARN_OBJC_IMPLICIT_RETAIN_SELF = YES;
				CLANG_WARN_OBJC_LITERAL_CONVERSION = YES;
				CLANG_WARN_OBJC_ROOT_CLASS = YES_ERROR;
				CLANG_WARN_QUOTED_INCLUDE_IN_FRAMEWORK_HEADER = YES;
				CLANG_WARN_RANGE_LOOP_ANALYSIS = YES;
				CLANG_WARN_STRICT_PROTOTYPES = YES;
				CLANG_WARN_SUSPICIOUS_MOVE = YES;
				CLANG_WARN_UNGUARDED_AVAILABILITY = YES_AGGRESSIVE;
				CLANG_WARN_UNREACHABLE_CODE = YES;
				CLANG_WARN__DUPLICATE_METHOD_MATCH = YES;
				COPY_PHASE_STRIP = NO;
				DEBUG_INFORMATION_FORMAT = dwarf;
				ENABLE_STRICT_OBJC_MSGSEND = YES;
				ENABLE_TESTABILITY = YES;
				GCC_C_LANGUAGE_STANDARD = gnu11;
				GCC_DYNAMIC_NO_PIC = NO;
				GCC_NO_COMMON_BLOCKS = YES;
				GCC_OPTIMIZATION_LEVEL = 0;
				GCC_PREPROCESSOR_DEFINITIONS = (
					"DEBUG=1",
					"$(inherited)",
				);
				GCC_WARN_64_TO_32_BIT_CONVERSION = YES;
				GCC_WARN_ABOUT_RETURN_TYPE = YES_ERROR;
				GCC_WARN_UNDECLARED_SELECTOR = YES;
				GCC_WARN_UNINITIALIZED_AUTOS = YES_AGGRESSIVE;
				GCC_WARN_UNUSED_FUNCTION = YES;
				GCC_WARN_UNUSED_VARIABLE = YES;
				IPHONEOS_DEPLOYMENT_TARGET = 15.5;
				MTL_ENABLE_DEBUG_INFO = INCLUDE_SOURCE;
				MTL_FAST_MATH = YES;
				ONLY_ACTIVE_ARCH = YES;
				SDKROOT = iphoneos;
				SWIFT_ACTIVE_COMPILATION_CONDITIONS = DEBUG;
				SWIFT_OPTIMIZATION_LEVEL = "-Onone";
			};
			name = Debug;
		};
		4DBFABF429509CE20055F466 /* Release */ = {
			isa = XCBuildConfiguration;
			buildSettings = {
				ALWAYS_SEARCH_USER_PATHS = NO;
				CLANG_ANALYZER_NONNULL = YES;
				CLANG_ANALYZER_NUMBER_OBJECT_CONVERSION = YES_AGGRESSIVE;
				CLANG_CXX_LANGUAGE_STANDARD = "gnu++17";
				CLANG_ENABLE_MODULES = YES;
				CLANG_ENABLE_OBJC_ARC = YES;
				CLANG_ENABLE_OBJC_WEAK = YES;
				CLANG_WARN_BLOCK_CAPTURE_AUTORELEASING = YES;
				CLANG_WARN_BOOL_CONVERSION = YES;
				CLANG_WARN_COMMA = YES;
				CLANG_WARN_CONSTANT_CONVERSION = YES;
				CLANG_WARN_DEPRECATED_OBJC_IMPLEMENTATIONS = YES;
				CLANG_WARN_DIRECT_OBJC_ISA_USAGE = YES_ERROR;
				CLANG_WARN_DOCUMENTATION_COMMENTS = YES;
				CLANG_WARN_EMPTY_BODY = YES;
				CLANG_WARN_ENUM_CONVERSION = YES;
				CLANG_WARN_INFINITE_RECURSION = YES;
				CLANG_WARN_INT_CONVERSION = YES;
				CLANG_WARN_NON_LITERAL_NULL_CONVERSION = YES;
				CLANG_WARN_OBJC_IMPLICIT_RETAIN_SELF = YES;
				CLANG_WARN_OBJC_LITERAL_CONVERSION = YES;
				CLANG_WARN_OBJC_ROOT_CLASS = YES_ERROR;
				CLANG_WARN_QUOTED_INCLUDE_IN_FRAMEWORK_HEADER = YES;
				CLANG_WARN_RANGE_LOOP_ANALYSIS = YES;
				CLANG_WARN_STRICT_PROTOTYPES = YES;
				CLANG_WARN_SUSPICIOUS_MOVE = YES;
				CLANG_WARN_UNGUARDED_AVAILABILITY = YES_AGGRESSIVE;
				CLANG_WARN_UNREACHABLE_CODE = YES;
				CLANG_WARN__DUPLICATE_METHOD_MATCH = YES;
				COPY_PHASE_STRIP = NO;
				DEBUG_INFORMATION_FORMAT = "dwarf-with-dsym";
				ENABLE_NS_ASSERTIONS = NO;
				ENABLE_STRICT_OBJC_MSGSEND = YES;
				GCC_C_LANGUAGE_STANDARD = gnu11;
				GCC_NO_COMMON_BLOCKS = YES;
				GCC_WARN_64_TO_32_BIT_CONVERSION = YES;
				GCC_WARN_ABOUT_RETURN_TYPE = YES_ERROR;
				GCC_WARN_UNDECLARED_SELECTOR = YES;
				GCC_WARN_UNINITIALIZED_AUTOS = YES_AGGRESSIVE;
				GCC_WARN_UNUSED_FUNCTION = YES;
				GCC_WARN_UNUSED_VARIABLE = YES;
				IPHONEOS_DEPLOYMENT_TARGET = 15.5;
				MTL_ENABLE_DEBUG_INFO = NO;
				MTL_FAST_MATH = YES;
				SDKROOT = iphoneos;
				SWIFT_COMPILATION_MODE = wholemodule;
				SWIFT_OPTIMIZATION_LEVEL = "-O";
				VALIDATE_PRODUCT = YES;
			};
			name = Release;
		};
		4DBFABF629509CE20055F466 /* Debug */ = {
			isa = XCBuildConfiguration;
			buildSettings = {
				ASSETCATALOG_COMPILER_APPICON_NAME = AppIcon;
				ASSETCATALOG_COMPILER_GLOBAL_ACCENT_COLOR_NAME = AccentColor;
				CODE_SIGN_STYLE = Automatic;
				CURRENT_PROJECT_VERSION = 1;
				DEVELOPMENT_TEAM = CLU29H9HRC;
				GENERATE_INFOPLIST_FILE = YES;
				INFOPLIST_FILE = Pokedex2/Info.plist;
				INFOPLIST_KEY_UIApplicationSupportsIndirectInputEvents = YES;
				INFOPLIST_KEY_UILaunchStoryboardName = LaunchScreen;
				INFOPLIST_KEY_UISupportedInterfaceOrientations_iPad = "UIInterfaceOrientationPortrait UIInterfaceOrientationPortraitUpsideDown UIInterfaceOrientationLandscapeLeft UIInterfaceOrientationLandscapeRight";
				INFOPLIST_KEY_UISupportedInterfaceOrientations_iPhone = "UIInterfaceOrientationPortrait UIInterfaceOrientationLandscapeLeft UIInterfaceOrientationLandscapeRight";
				LD_RUNPATH_SEARCH_PATHS = (
					"$(inherited)",
					"@executable_path/Frameworks",
				);
				MARKETING_VERSION = 1.0;
				PRODUCT_BUNDLE_IDENTIFIER = com.Pokedex2;
				PRODUCT_NAME = "$(TARGET_NAME)";
				SWIFT_EMIT_LOC_STRINGS = YES;
				SWIFT_VERSION = 5.0;
				TARGETED_DEVICE_FAMILY = "1,2";
			};
			name = Debug;
		};
		4DBFABF729509CE20055F466 /* Release */ = {
			isa = XCBuildConfiguration;
			buildSettings = {
				ASSETCATALOG_COMPILER_APPICON_NAME = AppIcon;
				ASSETCATALOG_COMPILER_GLOBAL_ACCENT_COLOR_NAME = AccentColor;
				CODE_SIGN_STYLE = Automatic;
				CURRENT_PROJECT_VERSION = 1;
				DEVELOPMENT_TEAM = CLU29H9HRC;
				GENERATE_INFOPLIST_FILE = YES;
				INFOPLIST_FILE = Pokedex2/Info.plist;
				INFOPLIST_KEY_UIApplicationSupportsIndirectInputEvents = YES;
				INFOPLIST_KEY_UILaunchStoryboardName = LaunchScreen;
				INFOPLIST_KEY_UISupportedInterfaceOrientations_iPad = "UIInterfaceOrientationPortrait UIInterfaceOrientationPortraitUpsideDown UIInterfaceOrientationLandscapeLeft UIInterfaceOrientationLandscapeRight";
				INFOPLIST_KEY_UISupportedInterfaceOrientations_iPhone = "UIInterfaceOrientationPortrait UIInterfaceOrientationLandscapeLeft UIInterfaceOrientationLandscapeRight";
				LD_RUNPATH_SEARCH_PATHS = (
					"$(inherited)",
					"@executable_path/Frameworks",
				);
				MARKETING_VERSION = 1.0;
				PRODUCT_BUNDLE_IDENTIFIER = com.Pokedex2;
				PRODUCT_NAME = "$(TARGET_NAME)";
				SWIFT_EMIT_LOC_STRINGS = YES;
				SWIFT_VERSION = 5.0;
				TARGETED_DEVICE_FAMILY = "1,2";
			};
			name = Release;
		};
/* End XCBuildConfiguration section */

/* Begin XCConfigurationList section */
		4DBFABDC29509CE10055F466 /* Build configuration list for PBXProject "Pokedex2" */ = {
			isa = XCConfigurationList;
			buildConfigurations = (
				4DBFABF329509CE20055F466 /* Debug */,
				4DBFABF429509CE20055F466 /* Release */,
			);
			defaultConfigurationIsVisible = 0;
			defaultConfigurationName = Release;
		};
		4DBFABF529509CE20055F466 /* Build configuration list for PBXNativeTarget "Pokedex2" */ = {
			isa = XCConfigurationList;
			buildConfigurations = (
				4DBFABF629509CE20055F466 /* Debug */,
				4DBFABF729509CE20055F466 /* Release */,
			);
			defaultConfigurationIsVisible = 0;
			defaultConfigurationName = Release;
		};
/* End XCConfigurationList section */
	};
	rootObject = 4DBFABD929509CE10055F466 /* Project object */;
}
